
Microsoft Visual Studio Solution File, Format Version 12.00
# Visual Studio 15
VisualStudioVersion = 15.0.27703.2000
MinimumVisualStudioVersion = 10.0.40219.1
Project("{E24C65DC-7377-472B-9ABA-BC803B73C61A}") = "Workshop1", "Workshop1\", "{EF9DC812-BE56-4A79-B206-40066AE537FF}"
	ProjectSection(WebsiteProperties) = preProject
		TargetFrameworkMoniker = ".NETFramework,Version%3Dv4.6.1"
		Debug.AspNetCompiler.VirtualPath = "/localhost_55005"
		Debug.AspNetCompiler.PhysicalPath = "Workshop1\"
		Debug.AspNetCompiler.TargetPath = "PrecompiledWeb\localhost_55005\"
		Debug.AspNetCompiler.Updateable = "true"
		Debug.AspNetCompiler.ForceOverwrite = "true"
		Debug.AspNetCompiler.FixedNames = "false"
		Debug.AspNetCompiler.Debug = "True"
		Release.AspNetCompiler.VirtualPath = "/localhost_55005"
		Release.AspNetCompiler.PhysicalPath = "Workshop1\"
		Release.AspNetCompiler.TargetPath = "PrecompiledWeb\localhost_55005\"
		Release.AspNetCompiler.Updateable = "true"
		Release.AspNetCompiler.ForceOverwrite = "true"
		Release.AspNetCompiler.FixedNames = "false"
		Release.AspNetCompiler.Debug = "False"
		VWDPort = "55005"
		SlnRelativePath = "Workshop1\"
		DefaultWebSiteLanguage = "Visual C#"
	EndProjectSection
EndProject
Global
	GlobalSection(SolutionConfigurationPlatforms) = preSolution
		Debug|Any CPU = Debug|Any CPU
	EndGlobalSection
	GlobalSection(ProjectConfigurationPlatforms) = postSolution
		{EF9DC812-BE56-4A79-B206-40066AE537FF}.Debug|Any CPU.ActiveCfg = Debug|Any CPU
		{EF9DC812-BE56-4A79-B206-40066AE537FF}.Debug|Any CPU.Build.0 = Debug|Any CPU
	EndGlobalSection
	GlobalSection(SolutionProperties) = preSolution
		HideSolutionNode = FALSE
	EndGlobalSection
	GlobalSection(ExtensibilityGlobals) = postSolution
		SolutionGuid = {45F6851D-0675-4C0B-94AE-ECDB2A51A66D}
	EndGlobalSection
EndGlobal
