
Microsoft Visual Studio Solution File, Format Version 12.00
# Visual Studio 15
VisualStudioVersion = 15.0.27703.2000
MinimumVisualStudioVersion = 10.0.40219.1
Project("{E24C65DC-7377-472B-9ABA-BC803B73C61A}") = "Workshop1", "Workshop1\", "{EF9DC812-BE56-4A79-B206-40066AE537FF}"
	ProjectSection(WebsiteProperties) = preProject
		TargetFrameworkMoniker = ".NETFramework,Version%3Dv4.6.1"
		Debug.AspNetCompiler.VirtualPath = "/localhost_55005"
		Debug.AspNetCompiler.PhysicalPath = "Workshop1\"
		Debug.AspNetCompiler.TargetPath = "PrecompiledWeb\localhost_55005\"
		Debug.AspNetCompiler.Updateable = "true"
		Debug.AspNetCompiler.ForceOverwrite = "true"
		Debug.AspNetCompiler.FixedNames = "false"
		Debug.AspNetCompiler.Debug = "True"
		Release.AspNetCompiler.VirtualPath = "/localhost_55005"
		Release.AspNetCompiler.PhysicalPath = "Workshop1\"
		Release.AspNetCompiler.TargetPath = "PrecompiledWeb\localhost_55005\"
		Release.AspNetCompiler.Updateable = "true"
		Release.AspNetCompiler.ForceOverwrite = "true"
		Release.AspNetCompiler.FixedNames = "false"
		Release.AspNetCompiler.Debug = "False"
		VWDPort = "55005"
		SlnRelativePath = "Workshop1\"
		DefaultWebSiteLanguage = "Visual C#"
	EndProjectSection
EndProject
Project("{E24C65DC-7377-472B-9ABA-BC803B73C61A}") = "LectureExamples", "LectureExamples\", "{816F14F1-6560-4E7C-BF0B-2A6EB0613885}"
	ProjectSection(WebsiteProperties) = preProject
		TargetFrameworkMoniker = ".NETFramework,Version%3Dv4.6.1"
		Debug.AspNetCompiler.VirtualPath = "/localhost_57347"
		Debug.AspNetCompiler.PhysicalPath = "LectureExamples\"
		Debug.AspNetCompiler.TargetPath = "PrecompiledWeb\localhost_57347\"
		Debug.AspNetCompiler.Updateable = "true"
		Debug.AspNetCompiler.ForceOverwrite = "true"
		Debug.AspNetCompiler.FixedNames = "false"
		Debug.AspNetCompiler.Debug = "True"
		Release.AspNetCompiler.VirtualPath = "/localhost_57347"
		Release.AspNetCompiler.PhysicalPath = "LectureExamples\"
		Release.AspNetCompiler.TargetPath = "PrecompiledWeb\localhost_57347\"
		Release.AspNetCompiler.Updateable = "true"
		Release.AspNetCompiler.ForceOverwrite = "true"
		Release.AspNetCompiler.FixedNames = "false"
		Release.AspNetCompiler.Debug = "False"
		VWDPort = "57347"
		SlnRelativePath = "LectureExamples\"
		DefaultWebSiteLanguage = "Visual C#"
	EndProjectSection
EndProject
Project("{E24C65DC-7377-472B-9ABA-BC803B73C61A}") = "Security_Example", "Security_Example\", "{581998B4-6FB9-4D11-96F2-10C8ADA3F0A0}"
	ProjectSection(WebsiteProperties) = preProject
		TargetFrameworkMoniker = ".NETFramework,Version%3Dv4.6.1"
		Debug.AspNetCompiler.VirtualPath = "/localhost_52411"
		Debug.AspNetCompiler.PhysicalPath = "Security_Example\"
		Debug.AspNetCompiler.TargetPath = "PrecompiledWeb\localhost_52411\"
		Debug.AspNetCompiler.Updateable = "true"
		Debug.AspNetCompiler.ForceOverwrite = "true"
		Debug.AspNetCompiler.FixedNames = "false"
		Debug.AspNetCompiler.Debug = "True"
		Release.AspNetCompiler.VirtualPath = "/localhost_52411"
		Release.AspNetCompiler.PhysicalPath = "Security_Example\"
		Release.AspNetCompiler.TargetPath = "PrecompiledWeb\localhost_52411\"
		Release.AspNetCompiler.Updateable = "true"
		Release.AspNetCompiler.ForceOverwrite = "true"
		Release.AspNetCompiler.FixedNames = "false"
		Release.AspNetCompiler.Debug = "False"
		VWDPort = "54725"
		SlnRelativePath = "Security_Example\"
		DefaultWebSiteLanguage = "Visual C#"
	EndProjectSection
EndProject
Project("{E24C65DC-7377-472B-9ABA-BC803B73C61A}") = "WebService_JSON", "WebService_JSON\", "{10C3A21B-6F1E-4ECD-B2D0-B883D7C4E111}"
	ProjectSection(WebsiteProperties) = preProject
		TargetFrameworkMoniker = ".NETFramework,Version%3Dv4.6.1"
		Debug.AspNetCompiler.VirtualPath = "/localhost_53861"
		Debug.AspNetCompiler.PhysicalPath = "WebService_JSON\"
		Debug.AspNetCompiler.TargetPath = "PrecompiledWeb\localhost_53861\"
		Debug.AspNetCompiler.Updateable = "true"
		Debug.AspNetCompiler.ForceOverwrite = "true"
		Debug.AspNetCompiler.FixedNames = "false"
		Debug.AspNetCompiler.Debug = "True"
		Release.AspNetCompiler.VirtualPath = "/localhost_53861"
		Release.AspNetCompiler.PhysicalPath = "WebService_JSON\"
		Release.AspNetCompiler.TargetPath = "PrecompiledWeb\localhost_53861\"
		Release.AspNetCompiler.Updateable = "true"
		Release.AspNetCompiler.ForceOverwrite = "true"
		Release.AspNetCompiler.FixedNames = "false"
		Release.AspNetCompiler.Debug = "False"
		VWDPort = "53861"
		SlnRelativePath = "WebService_JSON\"
		DefaultWebSiteLanguage = "Visual C#"
	EndProjectSection
EndProject
Project("{FAE04EC0-301F-11D3-BF4B-00C04F79EFBC}") = "ConsoleApp1", "ConsoleApp1\ConsoleApp1.csproj", "{BCCEB79C-ACB6-4392-B622-D5B828B9CE98}"
EndProject
Project("{FAE04EC0-301F-11D3-BF4B-00C04F79EFBC}") = "ConsoleApp2", "ConsoleApp2\ConsoleApp2.csproj", "{8964A804-987A-4DC9-BC54-69263E9254C3}"
EndProject
Global
	GlobalSection(SolutionConfigurationPlatforms) = preSolution
		Debug|Any CPU = Debug|Any CPU
		Release|Any CPU = Release|Any CPU
	EndGlobalSection
	GlobalSection(ProjectConfigurationPlatforms) = postSolution
		{EF9DC812-BE56-4A79-B206-40066AE537FF}.Debug|Any CPU.ActiveCfg = Debug|Any CPU
		{EF9DC812-BE56-4A79-B206-40066AE537FF}.Debug|Any CPU.Build.0 = Debug|Any CPU
		{EF9DC812-BE56-4A79-B206-40066AE537FF}.Release|Any CPU.ActiveCfg = Debug|Any CPU
		{EF9DC812-BE56-4A79-B206-40066AE537FF}.Release|Any CPU.Build.0 = Debug|Any CPU
		{816F14F1-6560-4E7C-BF0B-2A6EB0613885}.Debug|Any CPU.ActiveCfg = Debug|Any CPU
		{816F14F1-6560-4E7C-BF0B-2A6EB0613885}.Debug|Any CPU.Build.0 = Debug|Any CPU
		{816F14F1-6560-4E7C-BF0B-2A6EB0613885}.Release|Any CPU.ActiveCfg = Debug|Any CPU
		{816F14F1-6560-4E7C-BF0B-2A6EB0613885}.Release|Any CPU.Build.0 = Debug|Any CPU
		{581998B4-6FB9-4D11-96F2-10C8ADA3F0A0}.Debug|Any CPU.ActiveCfg = Debug|Any CPU
		{581998B4-6FB9-4D11-96F2-10C8ADA3F0A0}.Debug|Any CPU.Build.0 = Debug|Any CPU
		{581998B4-6FB9-4D11-96F2-10C8ADA3F0A0}.Release|Any CPU.ActiveCfg = Debug|Any CPU
		{581998B4-6FB9-4D11-96F2-10C8ADA3F0A0}.Release|Any CPU.Build.0 = Debug|Any CPU
		{10C3A21B-6F1E-4ECD-B2D0-B883D7C4E111}.Debug|Any CPU.ActiveCfg = Debug|Any CPU
		{10C3A21B-6F1E-4ECD-B2D0-B883D7C4E111}.Debug|Any CPU.Build.0 = Debug|Any CPU
		{10C3A21B-6F1E-4ECD-B2D0-B883D7C4E111}.Release|Any CPU.ActiveCfg = Debug|Any CPU
		{10C3A21B-6F1E-4ECD-B2D0-B883D7C4E111}.Release|Any CPU.Build.0 = Debug|Any CPU
		{BCCEB79C-ACB6-4392-B622-D5B828B9CE98}.Debug|Any CPU.ActiveCfg = Debug|Any CPU
		{BCCEB79C-ACB6-4392-B622-D5B828B9CE98}.Debug|Any CPU.Build.0 = Debug|Any CPU
		{BCCEB79C-ACB6-4392-B622-D5B828B9CE98}.Release|Any CPU.ActiveCfg = Release|Any CPU
		{BCCEB79C-ACB6-4392-B622-D5B828B9CE98}.Release|Any CPU.Build.0 = Release|Any CPU
		{8964A804-987A-4DC9-BC54-69263E9254C3}.Debug|Any CPU.ActiveCfg = Debug|Any CPU
		{8964A804-987A-4DC9-BC54-69263E9254C3}.Debug|Any CPU.Build.0 = Debug|Any CPU
		{8964A804-987A-4DC9-BC54-69263E9254C3}.Release|Any CPU.ActiveCfg = Release|Any CPU
		{8964A804-987A-4DC9-BC54-69263E9254C3}.Release|Any CPU.Build.0 = Release|Any CPU
	EndGlobalSection
	GlobalSection(SolutionProperties) = preSolution
		HideSolutionNode = FALSE
	EndGlobalSection
	GlobalSection(ExtensibilityGlobals) = postSolution
		SolutionGuid = {45F6851D-0675-4C0B-94AE-ECDB2A51A66D}
	EndGlobalSection
EndGlobal
